
Microsoft Visual Studio Solution File, Format Version 12.00
# Visual Studio 15
VisualStudioVersion = 15.0.26730.16
MinimumVisualStudioVersion = 10.0.40219.1
Project("{FAE04EC0-301F-11D3-BF4B-00C04F79EFBC}") = "FirstMod", "FirstMod\FirstMod.csproj", "{C14909E2-252D-4D88-83F0-FAC259385DE8}"
EndProject
Global
	GlobalSection(SolutionConfigurationPlatforms) = preSolution
		Debug|Any CPU = Debug|Any CPU
		Release|Any CPU = Release|Any CPU
	EndGlobalSection
	GlobalSection(ProjectConfigurationPlatforms) = postSolution
		{C14909E2-252D-4D88-83F0-FAC259385DE8}.Debug|Any CPU.ActiveCfg = Debug|Any CPU
		{C14909E2-252D-4D88-83F0-FAC259385DE8}.Debug|Any CPU.Build.0 = Debug|Any CPU
		{C14909E2-252D-4D88-83F0-FAC259385DE8}.Release|Any CPU.ActiveCfg = Release|Any CPU
		{C14909E2-252D-4D88-83F0-FAC259385DE8}.Release|Any CPU.Build.0 = Release|Any CPU
	EndGlobalSection
	GlobalSection(SolutionProperties) = preSolution
		HideSolutionNode = FALSE
	EndGlobalSection
	GlobalSection(ExtensibilityGlobals) = postSolution
		SolutionGuid = {93550C13-CF82-4EFE-A125-8CAA4BDF6664}
	EndGlobalSection
EndGlobal
